
Microsoft Visual Studio Solution File, Format Version 12.00
# Visual Studio Version 17
VisualStudioVersion = 17.6.33801.468
MinimumVisualStudioVersion = 10.0.40219.1
Project("{2150E333-8FDC-42A3-9474-1A3956D46DE8}") = "resumePresentation", "resumePresentation", "{D1C53952-8E40-481A-B2D8-1C9C7A10522F}"
EndProject
Project("{FAE04EC0-301F-11D3-BF4B-00C04F79EFBC}") = "resumePresentation", "resumePresentation\resumePresentation.csproj", "{70BBD6EF-58C2-422B-9D71-BAA9EDB6E92A}"
EndProject
Global
	GlobalSection(SolutionConfigurationPlatforms) = preSolution
		Debug|Any CPU = Debug|Any CPU
		Release|Any CPU = Release|Any CPU
	EndGlobalSection
	GlobalSection(ProjectConfigurationPlatforms) = postSolution
		{70BBD6EF-58C2-422B-9D71-BAA9EDB6E92A}.Debug|Any CPU.ActiveCfg = Debug|Any CPU
		{70BBD6EF-58C2-422B-9D71-BAA9EDB6E92A}.Debug|Any CPU.Build.0 = Debug|Any CPU
		{70BBD6EF-58C2-422B-9D71-BAA9EDB6E92A}.Release|Any CPU.ActiveCfg = Release|Any CPU
		{70BBD6EF-58C2-422B-9D71-BAA9EDB6E92A}.Release|Any CPU.Build.0 = Release|Any CPU
	EndGlobalSection
	GlobalSection(SolutionProperties) = preSolution
		HideSolutionNode = FALSE
	EndGlobalSection
	GlobalSection(NestedProjects) = preSolution
		{70BBD6EF-58C2-422B-9D71-BAA9EDB6E92A} = {D1C53952-8E40-481A-B2D8-1C9C7A10522F}
	EndGlobalSection
	GlobalSection(ExtensibilityGlobals) = postSolution
		SolutionGuid = {337F77E5-9576-4A35-8431-795BB60C16DE}
	EndGlobalSection
EndGlobal
